PODS:
  - SimplifiedNotificationCenter (0.1.0)

DEPENDENCIES:
  - SimplifiedNotificationCenter (from `../`)

EXTERNAL SOURCES:
  SimplifiedNotificationCenter:
    :path: ../

SPEC CHECKSUMS:
  SimplifiedNotificationCenter: 624de8c9d0d9ee3921fe0b351ee3a9e69df0b3c6

PODFILE CHECKSUM: f07ad88c25b4f6d4f0515faf2bd66808d1e54800

COCOAPODS: 1.0.1
